
Microsoft Visual Studio Solution File, Format Version 12.00
# Visual Studio Version 17
VisualStudioVersion = 17.7.33808.371
MinimumVisualStudioVersion = 10.0.40219.1
Project("{FAE04EC0-301F-11D3-BF4B-00C04F79EFBC}") = "STG1_D3", "STG1_D3\STG1_D3.csproj", "{8E6CE429-3BB0-4EF1-B493-961E95812F15}"
EndProject
Global
	GlobalSection(SolutionConfigurationPlatforms) = preSolution
		Debug|Any CPU = Debug|Any CPU
		Release|Any CPU = Release|Any CPU
	EndGlobalSection
	GlobalSection(ProjectConfigurationPlatforms) = postSolution
		{8E6CE429-3BB0-4EF1-B493-961E95812F15}.Debug|Any CPU.ActiveCfg = Debug|Any CPU
		{8E6CE429-3BB0-4EF1-B493-961E95812F15}.Debug|Any CPU.Build.0 = Debug|Any CPU
		{8E6CE429-3BB0-4EF1-B493-961E95812F15}.Release|Any CPU.ActiveCfg = Release|Any CPU
		{8E6CE429-3BB0-4EF1-B493-961E95812F15}.Release|Any CPU.Build.0 = Release|Any CPU
	EndGlobalSection
	GlobalSection(SolutionProperties) = preSolution
		HideSolutionNode = FALSE
	EndGlobalSection
	GlobalSection(ExtensibilityGlobals) = postSolution
		SolutionGuid = {DC63C510-E8FD-4BFD-A336-7DD0EE6DE08C}
	EndGlobalSection
EndGlobal
